lockfileVersion: '9.0'

settings:
  autoInstallPeers: true
  excludeLinksFromLockfile: false

importers:

  .:
    devDependencies:
      axios:
        specifier: 1.12.2
        version: 1.12.2
      laravel-vite-plugin:
        specifier: 1.3.0
        version: 1.3.0(vite@6.3.6)
      vite:
        specifier: 6.3.6
        version: 6.3.6

packages:

  '@esbuild/aix-ppc64@0.25.10':
    resolution: {integrity: sha512-0NFWnA+7l41irNuaSVlLfgNT12caWJVLzp5eAVhZ0z1qpxbockccEt3s+149rE64VUI3Ml2zt8Nv5JVc4QXTsw==}
    engines: {node: '>=18'}
    cpu: [ppc64]
    os: [aix]

  '@esbuild/android-arm64@0.25.10':
    resolution: {integrity: sha512-LSQa7eDahypv/VO6WKohZGPSJDq5OVOo3UoFR1E4t4Gj1W7zEQMUhI+lo81H+DtB+kP+tDgBp+M4oNCwp6kffg==}
    engines: {node: '>=18'}
    cpu: [arm64]
    os: [android]

  '@esbuild/android-arm@0.25.10':
    resolution: {integrity: sha512-dQAxF1dW1C3zpeCDc5KqIYuZ1tgAdRXNoZP7vkBIRtKZPYe2xVr/d3SkirklCHudW1B45tGiUlz2pUWDfbDD4w==}
    engines: {node: '>=18'}
    cpu: [arm]
    os: [android]

  '@esbuild/android-x64@0.25.10':
    resolution: {integrity: sha512-MiC9CWdPrfhibcXwr39p9ha1x0lZJ9KaVfvzA0Wxwz9ETX4v5CHfF09bx935nHlhi+MxhA63dKRRQLiVgSUtEg==}
    engines: {node: '>=18'}
    cpu: [x64]
    os: [android]

  '@esbuild/darwin-arm64@0.25.10':
    resolution: {integrity: sha512-JC74bdXcQEpW9KkV326WpZZjLguSZ3DfS8wrrvPMHgQOIEIG/sPXEN/V8IssoJhbefLRcRqw6RQH2NnpdprtMA==}
    engines: {node: '>=18'}
    cpu: [arm64]
    os: [darwin]

  '@esbuild/darwin-x64@0.25.10':
    resolution: {integrity: sha512-tguWg1olF6DGqzws97pKZ8G2L7Ig1vjDmGTwcTuYHbuU6TTjJe5FXbgs5C1BBzHbJ2bo1m3WkQDbWO2PvamRcg==}
    engines: {node: '>=18'}
    cpu: [x64]
    os: [darwin]

  '@esbuild/freebsd-arm64@0.25.10':
    resolution: {integrity: sha512-3ZioSQSg1HT2N05YxeJWYR+Libe3bREVSdWhEEgExWaDtyFbbXWb49QgPvFH8u03vUPX10JhJPcz7s9t9+boWg==}
    engines: {node: '>=18'}
    cpu: [arm64]
    os: [freebsd]

  '@esbuild/freebsd-x64@0.25.10':
    resolution: {integrity: sha512-LLgJfHJk014Aa4anGDbh8bmI5Lk+QidDmGzuC2D+vP7mv/GeSN+H39zOf7pN5N8p059FcOfs2bVlrRr4SK9WxA==}
    engines: {node: '>=18'}
    cpu: [x64]
    os: [freebsd]

  '@esbuild/linux-arm64@0.25.10':
    resolution: {integrity: sha512-5luJWN6YKBsawd5f9i4+c+geYiVEw20FVW5x0v1kEMWNq8UctFjDiMATBxLvmmHA4bf7F6hTRaJgtghFr9iziQ==}
    engines: {node: '>=18'}
    cpu: [arm64]
    os: [linux]

  '@esbuild/linux-arm@0.25.10':
    resolution: {integrity: sha512-oR31GtBTFYCqEBALI9r6WxoU/ZofZl962pouZRTEYECvNF/dtXKku8YXcJkhgK/beU+zedXfIzHijSRapJY3vg==}
    engines: {node: '>=18'}
    cpu: [arm]
    os: [linux]

  '@esbuild/linux-ia32@0.25.10':
    resolution: {integrity: sha512-NrSCx2Kim3EnnWgS4Txn0QGt0Xipoumb6z6sUtl5bOEZIVKhzfyp/Lyw4C1DIYvzeW/5mWYPBFJU3a/8Yr75DQ==}
    engines: {node: '>=18'}
    cpu: [ia32]
    os: [linux]

  '@esbuild/linux-loong64@0.25.10':
    resolution: {integrity: sha512-xoSphrd4AZda8+rUDDfD9J6FUMjrkTz8itpTITM4/xgerAZZcFW7Dv+sun7333IfKxGG8gAq+3NbfEMJfiY+Eg==}
    engines: {node: '>=18'}
    cpu: [loong64]
    os: [linux]

  '@esbuild/linux-mips64el@0.25.10':
    resolution: {integrity: sha512-ab6eiuCwoMmYDyTnyptoKkVS3k8fy/1Uvq7Dj5czXI6DF2GqD2ToInBI0SHOp5/X1BdZ26RKc5+qjQNGRBelRA==}
    engines: {node: '>=18'}
    cpu: [mips64el]
    os: [linux]

  '@esbuild/linux-ppc64@0.25.10':
    resolution: {integrity: sha512-NLinzzOgZQsGpsTkEbdJTCanwA5/wozN9dSgEl12haXJBzMTpssebuXR42bthOF3z7zXFWH1AmvWunUCkBE4EA==}
    engines: {node: '>=18'}
    cpu: [ppc64]
    os: [linux]

  '@esbuild/linux-riscv64@0.25.10':
    resolution: {integrity: sha512-FE557XdZDrtX8NMIeA8LBJX3dC2M8VGXwfrQWU7LB5SLOajfJIxmSdyL/gU1m64Zs9CBKvm4UAuBp5aJ8OgnrA==}
    engines: {node: '>=18'}
    cpu: [riscv64]
    os: [linux]

  '@esbuild/linux-s390x@0.25.10':
    resolution: {integrity: sha512-3BBSbgzuB9ajLoVZk0mGu+EHlBwkusRmeNYdqmznmMc9zGASFjSsxgkNsqmXugpPk00gJ0JNKh/97nxmjctdew==}
    engines: {node: '>=18'}
    cpu: [s390x]
    os: [linux]

  '@esbuild/linux-x64@0.25.10':
    resolution: {integrity: sha512-QSX81KhFoZGwenVyPoberggdW1nrQZSvfVDAIUXr3WqLRZGZqWk/P4T8p2SP+de2Sr5HPcvjhcJzEiulKgnxtA==}
    engines: {node: '>=18'}
    cpu: [x64]
    os: [linux]

  '@esbuild/netbsd-arm64@0.25.10':
    resolution: {integrity: sha512-AKQM3gfYfSW8XRk8DdMCzaLUFB15dTrZfnX8WXQoOUpUBQ+NaAFCP1kPS/ykbbGYz7rxn0WS48/81l9hFl3u4A==}
    engines: {node: '>=18'}
    cpu: [arm64]
    os: [netbsd]

  '@esbuild/netbsd-x64@0.25.10':
    resolution: {integrity: sha512-7RTytDPGU6fek/hWuN9qQpeGPBZFfB4zZgcz2VK2Z5VpdUxEI8JKYsg3JfO0n/Z1E/6l05n0unDCNc4HnhQGig==}
    engines: {node: '>=18'}
    cpu: [x64]
    os: [netbsd]

  '@esbuild/openbsd-arm64@0.25.10':
    resolution: {integrity: sha512-5Se0VM9Wtq797YFn+dLimf2Zx6McttsH2olUBsDml+lm0GOCRVebRWUvDtkY4BWYv/3NgzS8b/UM3jQNh5hYyw==}
    engines: {node: '>=18'}
    cpu: [arm64]
    os: [openbsd]

  '@esbuild/openbsd-x64@0.25.10':
    resolution: {integrity: sha512-XkA4frq1TLj4bEMB+2HnI0+4RnjbuGZfet2gs/LNs5Hc7D89ZQBHQ0gL2ND6Lzu1+QVkjp3x1gIcPKzRNP8bXw==}
    engines: {node: '>=18'}
    cpu: [x64]
    os: [openbsd]

  '@esbuild/openharmony-arm64@0.25.10':
    resolution: {integrity: sha512-AVTSBhTX8Y/Fz6OmIVBip9tJzZEUcY8WLh7I59+upa5/GPhh2/aM6bvOMQySspnCCHvFi79kMtdJS1w0DXAeag==}
    engines: {node: '>=18'}
    cpu: [arm64]
    os: [openharmony]

  '@esbuild/sunos-x64@0.25.10':
    resolution: {integrity: sha512-fswk3XT0Uf2pGJmOpDB7yknqhVkJQkAQOcW/ccVOtfx05LkbWOaRAtn5SaqXypeKQra1QaEa841PgrSL9ubSPQ==}
    engines: {node: '>=18'}
    cpu: [x64]
    os: [sunos]

  '@esbuild/win32-arm64@0.25.10':
    resolution: {integrity: sha512-ah+9b59KDTSfpaCg6VdJoOQvKjI33nTaQr4UluQwW7aEwZQsbMCfTmfEO4VyewOxx4RaDT/xCy9ra2GPWmO7Kw==}
    engines: {node: '>=18'}
    cpu: [arm64]
    os: [win32]

  '@esbuild/win32-ia32@0.25.10':
    resolution: {integrity: sha512-QHPDbKkrGO8/cz9LKVnJU22HOi4pxZnZhhA2HYHez5Pz4JeffhDjf85E57Oyco163GnzNCVkZK0b/n4Y0UHcSw==}
    engines: {node: '>=18'}
    cpu: [ia32]
    os: [win32]

  '@esbuild/win32-x64@0.25.10':
    resolution: {integrity: sha512-9KpxSVFCu0iK1owoez6aC/s/EdUQLDN3adTxGCqxMVhrPDj6bt5dbrHDXUuq+Bs2vATFBBrQS5vdQ/Ed2P+nbw==}
    engines: {node: '>=18'}
    cpu: [x64]
    os: [win32]

  '@rollup/rollup-android-arm-eabi@4.52.3':
    resolution: {integrity: sha512-h6cqHGZ6VdnwliFG1NXvMPTy/9PS3h8oLh7ImwR+kl+oYnQizgjxsONmmPSb2C66RksfkfIxEVtDSEcJiO0tqw==}
    cpu: [arm]
    os: [android]

  '@rollup/rollup-android-arm64@4.52.3':
    resolution: {integrity: sha512-wd+u7SLT/u6knklV/ifG7gr5Qy4GUbH2hMWcDauPFJzmCZUAJ8L2bTkVXC2niOIxp8lk3iH/QX8kSrUxVZrOVw==}
    cpu: [arm64]
    os: [android]

  '@rollup/rollup-darwin-arm64@4.52.3':
    resolution: {integrity: sha512-lj9ViATR1SsqycwFkJCtYfQTheBdvlWJqzqxwc9f2qrcVrQaF/gCuBRTiTolkRWS6KvNxSk4KHZWG7tDktLgjg==}
    cpu: [arm64]
    os: [darwin]

  '@rollup/rollup-darwin-x64@4.52.3':
    resolution: {integrity: sha512-+Dyo7O1KUmIsbzx1l+4V4tvEVnVQqMOIYtrxK7ncLSknl1xnMHLgn7gddJVrYPNZfEB8CIi3hK8gq8bDhb3h5A==}
    cpu: [x64]
    os: [darwin]

  '@rollup/rollup-freebsd-arm64@4.52.3':
    resolution: {integrity: sha512-u9Xg2FavYbD30g3DSfNhxgNrxhi6xVG4Y6i9Ur1C7xUuGDW3banRbXj+qgnIrwRN4KeJ396jchwy9bCIzbyBEQ==}
    cpu: [arm64]
    os: [freebsd]

  '@rollup/rollup-freebsd-x64@4.52.3':
    resolution: {integrity: sha512-5M8kyi/OX96wtD5qJR89a/3x5x8x5inXBZO04JWhkQb2JWavOWfjgkdvUqibGJeNNaz1/Z1PPza5/tAPXICI6A==}
    cpu: [x64]
    os: [freebsd]

  '@rollup/rollup-linux-arm-gnueabihf@4.52.3':
    resolution: {integrity: sha512-IoerZJ4l1wRMopEHRKOO16e04iXRDyZFZnNZKrWeNquh5d6bucjezgd+OxG03mOMTnS1x7hilzb3uURPkJ0OfA==}
    cpu: [arm]
    os: [linux]

  '@rollup/rollup-linux-arm-musleabihf@4.52.3':
    resolution: {integrity: sha512-ZYdtqgHTDfvrJHSh3W22TvjWxwOgc3ThK/XjgcNGP2DIwFIPeAPNsQxrJO5XqleSlgDux2VAoWQ5iJrtaC1TbA==}
    cpu: [arm]
    os: [linux]

  '@rollup/rollup-linux-arm64-gnu@4.52.3':
    resolution: {integrity: sha512-NcViG7A0YtuFDA6xWSgmFb6iPFzHlf5vcqb2p0lGEbT+gjrEEz8nC/EeDHvx6mnGXnGCC1SeVV+8u+smj0CeGQ==}
    cpu: [arm64]
    os: [linux]

  '@rollup/rollup-linux-arm64-musl@4.52.3':
    resolution: {integrity: sha512-d3pY7LWno6SYNXRm6Ebsq0DJGoiLXTb83AIPCXl9fmtIQs/rXoS8SJxxUNtFbJ5MiOvs+7y34np77+9l4nfFMw==}
    cpu: [arm64]
    os: [linux]

  '@rollup/rollup-linux-loong64-gnu@4.52.3':
    resolution: {integrity: sha512-3y5GA0JkBuirLqmjwAKwB0keDlI6JfGYduMlJD/Rl7fvb4Ni8iKdQs1eiunMZJhwDWdCvrcqXRY++VEBbvk6Eg==}
    cpu: [loong64]
    os: [linux]

  '@rollup/rollup-linux-ppc64-gnu@4.52.3':
    resolution: {integrity: sha512-AUUH65a0p3Q0Yfm5oD2KVgzTKgwPyp9DSXc3UA7DtxhEb/WSPfbG4wqXeSN62OG5gSo18em4xv6dbfcUGXcagw==}
    cpu: [ppc64]
    os: [linux]

  '@rollup/rollup-linux-riscv64-gnu@4.52.3':
    resolution: {integrity: sha512-1makPhFFVBqZE+XFg3Dkq+IkQ7JvmUrwwqaYBL2CE+ZpxPaqkGaiWFEWVGyvTwZace6WLJHwjVh/+CXbKDGPmg==}
    cpu: [riscv64]
    os: [linux]

  '@rollup/rollup-linux-riscv64-musl@4.52.3':
    resolution: {integrity: sha512-OOFJa28dxfl8kLOPMUOQBCO6z3X2SAfzIE276fwT52uXDWUS178KWq0pL7d6p1kz7pkzA0yQwtqL0dEPoVcRWg==}
    cpu: [riscv64]
    os: [linux]

  '@rollup/rollup-linux-s390x-gnu@4.52.3':
    resolution: {integrity: sha512-jMdsML2VI5l+V7cKfZx3ak+SLlJ8fKvLJ0Eoa4b9/vCUrzXKgoKxvHqvJ/mkWhFiyp88nCkM5S2v6nIwRtPcgg==}
    cpu: [s390x]
    os: [linux]

  '@rollup/rollup-linux-x64-gnu@4.52.3':
    resolution: {integrity: sha512-tPgGd6bY2M2LJTA1uGq8fkSPK8ZLYjDjY+ZLK9WHncCnfIz29LIXIqUgzCR0hIefzy6Hpbe8Th5WOSwTM8E7LA==}
    cpu: [x64]
    os: [linux]

  '@rollup/rollup-linux-x64-musl@4.52.3':
    resolution: {integrity: sha512-BCFkJjgk+WFzP+tcSMXq77ymAPIxsX9lFJWs+2JzuZTLtksJ2o5hvgTdIcZ5+oKzUDMwI0PfWzRBYAydAHF2Mw==}
    cpu: [x64]
    os: [linux]

  '@rollup/rollup-openharmony-arm64@4.52.3':
    resolution: {integrity: sha512-KTD/EqjZF3yvRaWUJdD1cW+IQBk4fbQaHYJUmP8N4XoKFZilVL8cobFSTDnjTtxWJQ3JYaMgF4nObY/+nYkumA==}
    cpu: [arm64]
    os: [openharmony]

  '@rollup/rollup-win32-arm64-msvc@4.52.3':
    resolution: {integrity: sha512-+zteHZdoUYLkyYKObGHieibUFLbttX2r+58l27XZauq0tcWYYuKUwY2wjeCN9oK1Um2YgH2ibd6cnX/wFD7DuA==}
    cpu: [arm64]
    os: [win32]

  '@rollup/rollup-win32-ia32-msvc@4.52.3':
    resolution: {integrity: sha512-of1iHkTQSo3kr6dTIRX6t81uj/c/b15HXVsPcEElN5sS859qHrOepM5p9G41Hah+CTqSh2r8Bm56dL2z9UQQ7g==}
    cpu: [ia32]
    os: [win32]

  '@rollup/rollup-win32-x64-gnu@4.52.3':
    resolution: {integrity: sha512-s0hybmlHb56mWVZQj8ra9048/WZTPLILKxcvcq+8awSZmyiSUZjjem1AhU3Tf4ZKpYhK4mg36HtHDOe8QJS5PQ==}
    cpu: [x64]
    os: [win32]

  '@rollup/rollup-win32-x64-msvc@4.52.3':
    resolution: {integrity: sha512-zGIbEVVXVtauFgl3MRwGWEN36P5ZGenHRMgNw88X5wEhEBpq0XrMEZwOn07+ICrwM17XO5xfMZqh0OldCH5VTA==}
    cpu: [x64]
    os: [win32]

  '@types/estree@1.0.8':
    resolution: {integrity: sha512-dWHzHa2WqEXI/O1E9OjrocMTKJl2mSrEolh1Iomrv6U+JuNwaHXsXx9bLu5gG7BUWFIN0skIQJQ/L1rIex4X6w==}

  async-function@1.0.0:
    resolution: {integrity: sha512-hsU18Ae8CDTR6Kgu9DYf0EbCr/a5iGL0rytQDobUcdpYOKokk8LEjVphnXkDkgpi0wYVsqrXuP0bZxJaTqdgoA==}
    engines: {node: '>= 0.4'}

  async-generator-function@1.0.0:
    resolution: {integrity: sha512-+NAXNqgCrB95ya4Sr66i1CL2hqLVckAk7xwRYWdcm39/ELQ6YNn1aw5r0bdQtqNZgQpEWzc5yc/igXc7aL5SLA==}
    engines: {node: '>= 0.4'}

  asynckit@0.4.0:
    resolution: {integrity: sha512-Oei9OH4tRh0YqU3GxhX79dM/mwVgvbZJaSNaRk+bshkj0S5cfHcgYakreBjrHwatXKbz+IoIdYLxrKim2MjW0Q==}

  axios@1.12.2:
    resolution: {integrity: sha512-vMJzPewAlRyOgxV2dU0Cuz2O8zzzx9VYtbJOaBgXFeLc4IV/Eg50n4LowmehOOR61S8ZMpc2K5Sa7g6A4jfkUw==}

  call-bind-apply-helpers@1.0.2:
    resolution: {integrity: sha512-Sp1ablJ0ivDkSzjcaJdxEunN5/XvksFJ2sMBFfq6x0ryhQV/2b/KwFe21cMpmHtPOSij8K99/wSfoEuTObmuMQ==}
    engines: {node: '>= 0.4'}

  combined-stream@1.0.8:
    resolution: {integrity: sha512-FQN4MRfuJeHf7cBbBMJFXhKSDq+2kAArBlmRBvcvFE5BB1HZKXtSFASDhdlz9zOYwxh8lDdnvmMOe/+5cdoEdg==}
    engines: {node: '>= 0.8'}

  delayed-stream@1.0.0:
    resolution: {integrity: sha512-ZySD7Nf91aLB0RxL4KGrKHBXl7Eds1DAmEdcoVawXnLD7SDhpNgtuII2aAkg7a7QS41jxPSZ17p4VdGnMHk3MQ==}
    engines: {node: '>=0.4.0'}

  dunder-proto@1.0.1:
    resolution: {integrity: sha512-KIN/nDJBQRcXw0MLVhZE9iQHmG68qAVIBg9CqmUYjmQIhgij9U5MFvrqkUL5FbtyyzZuOeOt0zdeRe4UY7ct+A==}
    engines: {node: '>= 0.4'}

  es-define-property@1.0.1:
    resolution: {integrity: sha512-e3nRfgfUZ4rNGL232gUgX06QNyyez04KdjFrF+LTRoOXmrOgFKDg4BCdsjW8EnT69eqdYGmRpJwiPVYNrCaW3g==}
    engines: {node: '>= 0.4'}

  es-errors@1.3.0:
    resolution: {integrity: sha512-Zf5H2Kxt2xjTvbJvP2ZWLEICxA6j+hAmMzIlypy4xcBg1vKVnx89Wy0GbS+kf5cwCVFFzdCFh2XSCFNULS6csw==}
    engines: {node: '>= 0.4'}

  es-object-atoms@1.1.1:
    resolution: {integrity: sha512-FGgH2h8zKNim9ljj7dankFPcICIK9Cp5bm+c2gQSYePhpaG5+esrLODihIorn+Pe6FGJzWhXQotPv73jTaldXA==}
    engines: {node: '>= 0.4'}

  es-set-tostringtag@2.1.0:
    resolution: {integrity: sha512-j6vWzfrGVfyXxge+O0x5sh6cvxAog0a/4Rdd2K36zCMV5eJ+/+tOAngRO8cODMNWbVRdVlmGZQL2YS3yR8bIUA==}
    engines: {node: '>= 0.4'}

  esbuild@0.25.10:
    resolution: {integrity: sha512-9RiGKvCwaqxO2owP61uQ4BgNborAQskMR6QusfWzQqv7AZOg5oGehdY2pRJMTKuwxd1IDBP4rSbI5lHzU7SMsQ==}
    engines: {node: '>=18'}
    hasBin: true

  fdir@6.5.0:
    resolution: {integrity: sha512-tIbYtZbucOs0BRGqPJkshJUYdL+SDH7dVM8gjy+ERp3WAUjLEFJE+02kanyHtwjWOnwrKYBiwAmM0p4kLJAnXg==}
    engines: {node: '>=12.0.0'}
    peerDependencies:
      picomatch: ^3 || ^4
    peerDependenciesMeta:
      picomatch:
        optional: true

  follow-redirects@1.15.11:
    resolution: {integrity: sha512-deG2P0JfjrTxl50XGCDyfI97ZGVCxIpfKYmfyrQ54n5FO/0gfIES8C/Psl6kWVDolizcaaxZJnTS0QSMxvnsBQ==}
    engines: {node: '>=4.0'}
    peerDependencies:
      debug: '*'
    peerDependenciesMeta:
      debug:
        optional: true

  form-data@4.0.4:
    resolution: {integrity: sha512-KrGhL9Q4zjj0kiUt5OO4Mr/A/jlI2jDYs5eHBpYHPcBEVSiipAvn2Ko2HnPe20rmcuuvMHNdZFp+4IlGTMF0Ow==}
    engines: {node: '>= 6'}

  fsevents@2.3.3:
    resolution: {integrity: sha512-5xoDfX+fL7faATnagmWPpbFtwh/R77WmMMqqHGS65C3vvB0YHrgF+B1YmZ3441tMj5n63k0212XNoJwzlhffQw==}
    engines: {node: ^8.16.0 || ^10.6.0 || >=11.0.0}
    os: [darwin]

  function-bind@1.1.2:
    resolution: {integrity: sha512-7XHNxH7qX9xG5mIwxkhumTox/MIRNcOgDrxWsMt2pAr23WHp6MrRlN7FBSFpCpr+oVO0F744iUgR82nJMfG2SA==}

  generator-function@2.0.0:
    resolution: {integrity: sha512-xPypGGincdfyl/AiSGa7GjXLkvld9V7GjZlowup9SHIJnQnHLFiLODCd/DqKOp0PBagbHJ68r1KJI9Mut7m4sA==}
    engines: {node: '>= 0.4'}

  get-intrinsic@1.3.1:
    resolution: {integrity: sha512-fk1ZVEeOX9hVZ6QzoBNEC55+Ucqg4sTVwrVuigZhuRPESVFpMyXnd3sbXvPOwp7Y9riVyANiqhEuRF0G1aVSeQ==}
    engines: {node: '>= 0.4'}

  get-proto@1.0.1:
    resolution: {integrity: sha512-sTSfBjoXBp89JvIKIefqw7U2CCebsc74kiY6awiGogKtoSGbgjYE/G/+l9sF3MWFPNc9IcoOC4ODfKHfxFmp0g==}
    engines: {node: '>= 0.4'}

  gopd@1.2.0:
    resolution: {integrity: sha512-ZUKRh6/kUFoAiTAtTYPZJ3hw9wNxx+BIBOijnlG9PnrJsCcSjs1wyyD6vJpaYtgnzDrKYRSqf3OO6Rfa93xsRg==}
    engines: {node: '>= 0.4'}

  has-symbols@1.1.0:
    resolution: {integrity: sha512-1cDNdwJ2Jaohmb3sg4OmKaMBwuC48sYni5HUw2DvsC8LjGTLK9h+eb1X6RyuOHe4hT0ULCW68iomhjUoKUqlPQ==}
    engines: {node: '>= 0.4'}

  has-tostringtag@1.0.2:
    resolution: {integrity: sha512-NqADB8VjPFLM2V0VvHUewwwsw0ZWBaIdgo+ieHtK3hasLz4qeCRjYcqfB6AQrBggRKppKF8L52/VqdVsO47Dlw==}
    engines: {node: '>= 0.4'}

  hasown@2.0.2:
    resolution: {integrity: sha512-0hJU9SCPvmMzIBdZFqNPXWa6dqh7WdH0cII9y+CyS8rG3nL48Bclra9HmKhVVUHyPWNH5Y7xDwAB7bfgSjkUMQ==}
    engines: {node: '>= 0.4'}

  laravel-vite-plugin@1.3.0:
    resolution: {integrity: sha512-P5qyG56YbYxM8OuYmK2OkhcKe0AksNVJUjq9LUZ5tOekU9fBn9LujYyctI4t9XoLjuMvHJXXpCoPntY1oKltuA==}
    engines: {node: ^18.0.0 || ^20.0.0 || >=22.0.0}
    hasBin: true
    peerDependencies:
      vite: ^5.0.0 || ^6.0.0

  math-intrinsics@1.1.0:
    resolution: {integrity: sha512-/IXtbwEk5HTPyEwyKX6hGkYXxM9nbj64B+ilVJnC/R6B0pH5G4V3b0pVbL7DBj4tkhBAppbQUlf6F6Xl9LHu1g==}
    engines: {node: '>= 0.4'}

  mime-db@1.52.0:
    resolution: {integrity: sha512-sPU4uV7dYlvtWJxwwxHD0PuihVNiE7TyAbQ5SWxDCB9mUYvOgroQOwYQQOKPJ8CIbE+1ETVlOoK1UC2nU3gYvg==}
    engines: {node: '>= 0.6'}

  mime-types@2.1.35:
    resolution: {integrity: sha512-ZDY+bPm5zTTF+YpCrAU9nK0UgICYPT0QtT1NZWFv4s++TNkcgVaT0g6+4R2uI4MjQjzysHB1zxuWL50hzaeXiw==}
    engines: {node: '>= 0.6'}

  nanoid@3.3.11:
    resolution: {integrity: sha512-N8SpfPUnUp1bK+PMYW8qSWdl9U+wwNWI4QKxOYDy9JAro3WMX7p2OeVRF9v+347pnakNevPmiHhNmZ2HbFA76w==}
    engines: {node: ^10 || ^12 || ^13.7 || ^14 || >=15.0.1}
    hasBin: true

  picocolors@1.1.1:
    resolution: {integrity: sha512-xceH2snhtb5M9liqDsmEw56le376mTZkEX/jEb/RxNFyegNul7eNslCXP9FDj/Lcu0X8KEyMceP2ntpaHrDEVA==}

  picomatch@2.3.1:
    resolution: {integrity: sha512-JU3teHTNjmE2VCGFzuY8EXzCDVwEqB2a8fsIvwaStHhAWJEeVd1o1QD80CU6+ZdEXXSLbSsuLwJjkCBWqRQUVA==}
    engines: {node: '>=8.6'}

  picomatch@4.0.3:
    resolution: {integrity: sha512-5gTmgEY/sqK6gFXLIsQNH19lWb4ebPDLA4SdLP7dsWkIXHWlG66oPuVvXSGFPppYZz8ZDZq0dYYrbHfBCVUb1Q==}
    engines: {node: '>=12'}

  postcss@8.5.6:
    resolution: {integrity: sha512-3Ybi1tAuwAP9s0r1UQ2J4n5Y0G05bJkpUIO0/bI9MhwmD70S5aTWbXGBwxHrelT+XM1k6dM0pk+SwNkpTRN7Pg==}
    engines: {node: ^10 || ^12 || >=14}

  proxy-from-env@1.1.0:
    resolution: {integrity: sha512-D+zkORCbA9f1tdWRK0RaCR3GPv50cMxcrz4X8k5LTSUD1Dkw47mKJEZQNunItRTkWwgtaUSo1RVFRIG9ZXiFYg==}

  rollup@4.52.3:
    resolution: {integrity: sha512-RIDh866U8agLgiIcdpB+COKnlCreHJLfIhWC3LVflku5YHfpnsIKigRZeFfMfCc4dVcqNVfQQ5gO/afOck064A==}
    engines: {node: '>=18.0.0', npm: '>=8.0.0'}
    hasBin: true

  source-map-js@1.2.1:
    resolution: {integrity: sha512-UXWMKhLOwVKb728IUtQPXxfYU+usdybtUrK/8uGE8CQMvrhOpwvzDBwj0QhSL7MQc7vIsISBG8VQ8+IDQxpfQA==}
    engines: {node: '>=0.10.0'}

  tinyglobby@0.2.15:
    resolution: {integrity: sha512-j2Zq4NyQYG5XMST4cbs02Ak8iJUdxRM0XI5QyxXuZOzKOINmWurp3smXu3y5wDcJrptwpSjgXHzIQxR0omXljQ==}
    engines: {node: '>=12.0.0'}

  vite-plugin-full-reload@1.2.0:
    resolution: {integrity: sha512-kz18NW79x0IHbxRSHm0jttP4zoO9P9gXh+n6UTwlNKnviTTEpOlum6oS9SmecrTtSr+muHEn5TUuC75UovQzcA==}

  vite@6.3.6:
    resolution: {integrity: sha512-0msEVHJEScQbhkbVTb/4iHZdJ6SXp/AvxL2sjwYQFfBqleHtnCqv1J3sa9zbWz/6kW1m9Tfzn92vW+kZ1WV6QA==}
    engines: {node: ^18.0.0 || ^20.0.0 || >=22.0.0}
    hasBin: true
    peerDependencies:
      '@types/node': ^18.0.0 || ^20.0.0 || >=22.0.0
      jiti: '>=1.21.0'
      less: '*'
      lightningcss: ^1.21.0
      sass: '*'
      sass-embedded: '*'
      stylus: '*'
      sugarss: '*'
      terser: ^5.16.0
      tsx: ^4.8.1
      yaml: ^2.4.2
    peerDependenciesMeta:
      '@types/node':
        optional: true
      jiti:
        optional: true
      less:
        optional: true
      lightningcss:
        optional: true
      sass:
        optional: true
      sass-embedded:
        optional: true
      stylus:
        optional: true
      sugarss:
        optional: true
      terser:
        optional: true
      tsx:
        optional: true
      yaml:
        optional: true

snapshots:

  '@esbuild/aix-ppc64@0.25.10':
    optional: true

  '@esbuild/android-arm64@0.25.10':
    optional: true

  '@esbuild/android-arm@0.25.10':
    optional: true

  '@esbuild/android-x64@0.25.10':
    optional: true

  '@esbuild/darwin-arm64@0.25.10':
    optional: true

  '@esbuild/darwin-x64@0.25.10':
    optional: true

  '@esbuild/freebsd-arm64@0.25.10':
    optional: true

  '@esbuild/freebsd-x64@0.25.10':
    optional: true

  '@esbuild/linux-arm64@0.25.10':
    optional: true

  '@esbuild/linux-arm@0.25.10':
    optional: true

  '@esbuild/linux-ia32@0.25.10':
    optional: true

  '@esbuild/linux-loong64@0.25.10':
    optional: true

  '@esbuild/linux-mips64el@0.25.10':
    optional: true

  '@esbuild/linux-ppc64@0.25.10':
    optional: true

  '@esbuild/linux-riscv64@0.25.10':
    optional: true

  '@esbuild/linux-s390x@0.25.10':
    optional: true

  '@esbuild/linux-x64@0.25.10':
    optional: true

  '@esbuild/netbsd-arm64@0.25.10':
    optional: true

  '@esbuild/netbsd-x64@0.25.10':
    optional: true

  '@esbuild/openbsd-arm64@0.25.10':
    optional: true

  '@esbuild/openbsd-x64@0.25.10':
    optional: true

  '@esbuild/openharmony-arm64@0.25.10':
    optional: true

  '@esbuild/sunos-x64@0.25.10':
    optional: true

  '@esbuild/win32-arm64@0.25.10':
    optional: true

  '@esbuild/win32-ia32@0.25.10':
    optional: true

  '@esbuild/win32-x64@0.25.10':
    optional: true

  '@rollup/rollup-android-arm-eabi@4.52.3':
    optional: true

  '@rollup/rollup-android-arm64@4.52.3':
    optional: true

  '@rollup/rollup-darwin-arm64@4.52.3':
    optional: true

  '@rollup/rollup-darwin-x64@4.52.3':
    optional: true

  '@rollup/rollup-freebsd-arm64@4.52.3':
    optional: true

  '@rollup/rollup-freebsd-x64@4.52.3':
    optional: true

  '@rollup/rollup-linux-arm-gnueabihf@4.52.3':
    optional: true

  '@rollup/rollup-linux-arm-musleabihf@4.52.3':
    optional: true

  '@rollup/rollup-linux-arm64-gnu@4.52.3':
    optional: true

  '@rollup/rollup-linux-arm64-musl@4.52.3':
    optional: true

  '@rollup/rollup-linux-loong64-gnu@4.52.3':
    optional: true

  '@rollup/rollup-linux-ppc64-gnu@4.52.3':
    optional: true

  '@rollup/rollup-linux-riscv64-gnu@4.52.3':
    optional: true

  '@rollup/rollup-linux-riscv64-musl@4.52.3':
    optional: true

  '@rollup/rollup-linux-s390x-gnu@4.52.3':
    optional: true

  '@rollup/rollup-linux-x64-gnu@4.52.3':
    optional: true

  '@rollup/rollup-linux-x64-musl@4.52.3':
    optional: true

  '@rollup/rollup-openharmony-arm64@4.52.3':
    optional: true

  '@rollup/rollup-win32-arm64-msvc@4.52.3':
    optional: true

  '@rollup/rollup-win32-ia32-msvc@4.52.3':
    optional: true

  '@rollup/rollup-win32-x64-gnu@4.52.3':
    optional: true

  '@rollup/rollup-win32-x64-msvc@4.52.3':
    optional: true

  '@types/estree@1.0.8': {}

  async-function@1.0.0: {}

  async-generator-function@1.0.0: {}

  asynckit@0.4.0: {}

  axios@1.12.2:
    dependencies:
      follow-redirects: 1.15.11
      form-data: 4.0.4
      proxy-from-env: 1.1.0
    transitivePeerDependencies:
      - debug

  call-bind-apply-helpers@1.0.2:
    dependencies:
      es-errors: 1.3.0
      function-bind: 1.1.2

  combined-stream@1.0.8:
    dependencies:
      delayed-stream: 1.0.0

  delayed-stream@1.0.0: {}

  dunder-proto@1.0.1:
    dependencies:
      call-bind-apply-helpers: 1.0.2
      es-errors: 1.3.0
      gopd: 1.2.0

  es-define-property@1.0.1: {}

  es-errors@1.3.0: {}

  es-object-atoms@1.1.1:
    dependencies:
      es-errors: 1.3.0

  es-set-tostringtag@2.1.0:
    dependencies:
      es-errors: 1.3.0
      get-intrinsic: 1.3.1
      has-tostringtag: 1.0.2
      hasown: 2.0.2

  esbuild@0.25.10:
    optionalDependencies:
      '@esbuild/aix-ppc64': 0.25.10
      '@esbuild/android-arm': 0.25.10
      '@esbuild/android-arm64': 0.25.10
      '@esbuild/android-x64': 0.25.10
      '@esbuild/darwin-arm64': 0.25.10
      '@esbuild/darwin-x64': 0.25.10
      '@esbuild/freebsd-arm64': 0.25.10
      '@esbuild/freebsd-x64': 0.25.10
      '@esbuild/linux-arm': 0.25.10
      '@esbuild/linux-arm64': 0.25.10
      '@esbuild/linux-ia32': 0.25.10
      '@esbuild/linux-loong64': 0.25.10
      '@esbuild/linux-mips64el': 0.25.10
      '@esbuild/linux-ppc64': 0.25.10
      '@esbuild/linux-riscv64': 0.25.10
      '@esbuild/linux-s390x': 0.25.10
      '@esbuild/linux-x64': 0.25.10
      '@esbuild/netbsd-arm64': 0.25.10
      '@esbuild/netbsd-x64': 0.25.10
      '@esbuild/openbsd-arm64': 0.25.10
      '@esbuild/openbsd-x64': 0.25.10
      '@esbuild/openharmony-arm64': 0.25.10
      '@esbuild/sunos-x64': 0.25.10
      '@esbuild/win32-arm64': 0.25.10
      '@esbuild/win32-ia32': 0.25.10
      '@esbuild/win32-x64': 0.25.10

  fdir@6.5.0(picomatch@4.0.3):
    optionalDependencies:
      picomatch: 4.0.3

  follow-redirects@1.15.11: {}

  form-data@4.0.4:
    dependencies:
      asynckit: 0.4.0
      combined-stream: 1.0.8
      es-set-tostringtag: 2.1.0
      hasown: 2.0.2
      mime-types: 2.1.35

  fsevents@2.3.3:
    optional: true

  function-bind@1.1.2: {}

  generator-function@2.0.0: {}

  get-intrinsic@1.3.1:
    dependencies:
      async-function: 1.0.0
      async-generator-function: 1.0.0
      call-bind-apply-helpers: 1.0.2
      es-define-property: 1.0.1
      es-errors: 1.3.0
      es-object-atoms: 1.1.1
      function-bind: 1.1.2
      generator-function: 2.0.0
      get-proto: 1.0.1
      gopd: 1.2.0
      has-symbols: 1.1.0
      hasown: 2.0.2
      math-intrinsics: 1.1.0

  get-proto@1.0.1:
    dependencies:
      dunder-proto: 1.0.1
      es-object-atoms: 1.1.1

  gopd@1.2.0: {}

  has-symbols@1.1.0: {}

  has-tostringtag@1.0.2:
    dependencies:
      has-symbols: 1.1.0

  hasown@2.0.2:
    dependencies:
      function-bind: 1.1.2

  laravel-vite-plugin@1.3.0(vite@6.3.6):
    dependencies:
      picocolors: 1.1.1
      vite: 6.3.6
      vite-plugin-full-reload: 1.2.0

  math-intrinsics@1.1.0: {}

  mime-db@1.52.0: {}

  mime-types@2.1.35:
    dependencies:
      mime-db: 1.52.0

  nanoid@3.3.11: {}

  picocolors@1.1.1: {}

  picomatch@2.3.1: {}

  picomatch@4.0.3: {}

  postcss@8.5.6:
    dependencies:
      nanoid: 3.3.11
      picocolors: 1.1.1
      source-map-js: 1.2.1

  proxy-from-env@1.1.0: {}

  rollup@4.52.3:
    dependencies:
      '@types/estree': 1.0.8
    optionalDependencies:
      '@rollup/rollup-android-arm-eabi': 4.52.3
      '@rollup/rollup-android-arm64': 4.52.3
      '@rollup/rollup-darwin-arm64': 4.52.3
      '@rollup/rollup-darwin-x64': 4.52.3
      '@rollup/rollup-freebsd-arm64': 4.52.3
      '@rollup/rollup-freebsd-x64': 4.52.3
      '@rollup/rollup-linux-arm-gnueabihf': 4.52.3
      '@rollup/rollup-linux-arm-musleabihf': 4.52.3
      '@rollup/rollup-linux-arm64-gnu': 4.52.3
      '@rollup/rollup-linux-arm64-musl': 4.52.3
      '@rollup/rollup-linux-loong64-gnu': 4.52.3
      '@rollup/rollup-linux-ppc64-gnu': 4.52.3
      '@rollup/rollup-linux-riscv64-gnu': 4.52.3
      '@rollup/rollup-linux-riscv64-musl': 4.52.3
      '@rollup/rollup-linux-s390x-gnu': 4.52.3
      '@rollup/rollup-linux-x64-gnu': 4.52.3
      '@rollup/rollup-linux-x64-musl': 4.52.3
      '@rollup/rollup-openharmony-arm64': 4.52.3
      '@rollup/rollup-win32-arm64-msvc': 4.52.3
      '@rollup/rollup-win32-ia32-msvc': 4.52.3
      '@rollup/rollup-win32-x64-gnu': 4.52.3
      '@rollup/rollup-win32-x64-msvc': 4.52.3
      fsevents: 2.3.3

  source-map-js@1.2.1: {}

  tinyglobby@0.2.15:
    dependencies:
      fdir: 6.5.0(picomatch@4.0.3)
      picomatch: 4.0.3

  vite-plugin-full-reload@1.2.0:
    dependencies:
      picocolors: 1.1.1
      picomatch: 2.3.1

  vite@6.3.6:
    dependencies:
      esbuild: 0.25.10
      fdir: 6.5.0(picomatch@4.0.3)
      picomatch: 4.0.3
      postcss: 8.5.6
      rollup: 4.52.3
      tinyglobby: 0.2.15
    optionalDependencies:
      fsevents: 2.3.3
